
Microsoft Visual Studio Solution File, Format Version 12.00
# Visual Studio Version 17
VisualStudioVersion = 17.0.32014.148
MinimumVisualStudioVersion = 10.0.40219.1
Project("{FAE04EC0-301F-11D3-BF4B-00C04F79EFBC}") = "LFL.AbpProject.web", "LFL.AbpProject.web.csproj", "{E9CC59BC-8C0D-452B-A591-DD79442862CD}"
EndProject
Project("{9A19103F-16F7-4668-BE54-9A1E7A4F7556}") = "LFL.AbpProject.Application", "..\LFL.AbpProject.Application\LFL.AbpProject.Application.csproj", "{396FF96F-0985-48F5-A65D-3447108318CA}"
EndProject
Project("{9A19103F-16F7-4668-BE54-9A1E7A4F7556}") = "LFL.AbpProject.Application.Contracts", "..\LFL.AbpProject.Application.Contracts\LFL.AbpProject.Application.Contracts.csproj", "{3FA894C4-8934-42BF-8FFC-55BF68F396E5}"
EndProject
Global
	GlobalSection(SolutionConfigurationPlatforms) = preSolution
		Debug|Any CPU = Debug|Any CPU
		Release|Any CPU = Release|Any CPU
	EndGlobalSection
	GlobalSection(ProjectConfigurationPlatforms) = postSolution
		{E9CC59BC-8C0D-452B-A591-DD79442862CD}.Debug|Any CPU.ActiveCfg = Debug|Any CPU
		{E9CC59BC-8C0D-452B-A591-DD79442862CD}.Debug|Any CPU.Build.0 = Debug|Any CPU
		{E9CC59BC-8C0D-452B-A591-DD79442862CD}.Release|Any CPU.ActiveCfg = Release|Any CPU
		{E9CC59BC-8C0D-452B-A591-DD79442862CD}.Release|Any CPU.Build.0 = Release|Any CPU
		{396FF96F-0985-48F5-A65D-3447108318CA}.Debug|Any CPU.ActiveCfg = Debug|Any CPU
		{396FF96F-0985-48F5-A65D-3447108318CA}.Debug|Any CPU.Build.0 = Debug|Any CPU
		{396FF96F-0985-48F5-A65D-3447108318CA}.Release|Any CPU.ActiveCfg = Release|Any CPU
		{396FF96F-0985-48F5-A65D-3447108318CA}.Release|Any CPU.Build.0 = Release|Any CPU
		{3FA894C4-8934-42BF-8FFC-55BF68F396E5}.Debug|Any CPU.ActiveCfg = Debug|Any CPU
		{3FA894C4-8934-42BF-8FFC-55BF68F396E5}.Debug|Any CPU.Build.0 = Debug|Any CPU
		{3FA894C4-8934-42BF-8FFC-55BF68F396E5}.Release|Any CPU.ActiveCfg = Release|Any CPU
		{3FA894C4-8934-42BF-8FFC-55BF68F396E5}.Release|Any CPU.Build.0 = Release|Any CPU
	EndGlobalSection
	GlobalSection(SolutionProperties) = preSolution
		HideSolutionNode = FALSE
	EndGlobalSection
	GlobalSection(ExtensibilityGlobals) = postSolution
		SolutionGuid = {E26015B8-3AFE-4574-83DA-FC6C560E99B8}
	EndGlobalSection
EndGlobal
